
Microsoft Visual Studio Solution File, Format Version 12.00
# Visual Studio Version 16
VisualStudioVersion = 16.0.30523.141
MinimumVisualStudioVersion = 10.0.40219.1
Project("{FAE04EC0-301F-11D3-BF4B-00C04F79EFBC}") = "WpfApp1", "WpfApp1\WpfApp1.csproj", "{3F857DEE-F7C4-4B56-ABEC-3CB90D1CCD39}"
EndProject
Project("{FAE04EC0-301F-11D3-BF4B-00C04F79EFBC}") = "ClassLibrary1", "ClassLibrary1\ClassLibrary1.csproj", "{54A4DA1E-F426-48B1-9AFB-9F9BB43E54EF}"
EndProject
Project("{FAE04EC0-301F-11D3-BF4B-00C04F79EFBC}") = "ClassLibrary2", "ClassLibrary2\ClassLibrary2.csproj", "{DB29F2C8-0C67-407B-A295-8D607AB48F14}"
EndProject
Global
	GlobalSection(SolutionConfigurationPlatforms) = preSolution
		Debug|Any CPU = Debug|Any CPU
		Release|Any CPU = Release|Any CPU
	EndGlobalSection
	GlobalSection(ProjectConfigurationPlatforms) = postSolution
		{3F857DEE-F7C4-4B56-ABEC-3CB90D1CCD39}.Debug|Any CPU.ActiveCfg = Debug|Any CPU
		{3F857DEE-F7C4-4B56-ABEC-3CB90D1CCD39}.Debug|Any CPU.Build.0 = Debug|Any CPU
		{3F857DEE-F7C4-4B56-ABEC-3CB90D1CCD39}.Release|Any CPU.ActiveCfg = Release|Any CPU
		{3F857DEE-F7C4-4B56-ABEC-3CB90D1CCD39}.Release|Any CPU.Build.0 = Release|Any CPU
		{54A4DA1E-F426-48B1-9AFB-9F9BB43E54EF}.Debug|Any CPU.ActiveCfg = Debug|Any CPU
		{54A4DA1E-F426-48B1-9AFB-9F9BB43E54EF}.Debug|Any CPU.Build.0 = Debug|Any CPU
		{54A4DA1E-F426-48B1-9AFB-9F9BB43E54EF}.Release|Any CPU.ActiveCfg = Release|Any CPU
		{54A4DA1E-F426-48B1-9AFB-9F9BB43E54EF}.Release|Any CPU.Build.0 = Release|Any CPU
		{DB29F2C8-0C67-407B-A295-8D607AB48F14}.Debug|Any CPU.ActiveCfg = Debug|Any CPU
		{DB29F2C8-0C67-407B-A295-8D607AB48F14}.Debug|Any CPU.Build.0 = Debug|Any CPU
		{DB29F2C8-0C67-407B-A295-8D607AB48F14}.Release|Any CPU.ActiveCfg = Release|Any CPU
		{DB29F2C8-0C67-407B-A295-8D607AB48F14}.Release|Any CPU.Build.0 = Release|Any CPU
	EndGlobalSection
	GlobalSection(SolutionProperties) = preSolution
		HideSolutionNode = FALSE
	EndGlobalSection
	GlobalSection(ExtensibilityGlobals) = postSolution
		SolutionGuid = {47592E96-A684-4BC0-84EA-5F1B791F06D3}
	EndGlobalSection
EndGlobal
